
Microsoft Visual Studio Solution File, Format Version 12.00
# Visual Studio Version 17
VisualStudioVersion = 17.11.35312.102
MinimumVisualStudioVersion = 10.0.40219.1
Project("{FAE04EC0-301F-11D3-BF4B-00C04F79EFBC}") = "ProyectoP2", "ProyectoP2\ProyectoP2.csproj", "{4C9A20E5-790F-4CA7-8F77-18C292485143}"
EndProject
Global
	GlobalSection(SolutionConfigurationPlatforms) = preSolution
		Debug|Any CPU = Debug|Any CPU
		Release|Any CPU = Release|Any CPU
	EndGlobalSection
	GlobalSection(ProjectConfigurationPlatforms) = postSolution
		{4C9A20E5-790F-4CA7-8F77-18C292485143}.Debug|Any CPU.ActiveCfg = Debug|Any CPU
		{4C9A20E5-790F-4CA7-8F77-18C292485143}.Debug|Any CPU.Build.0 = Debug|Any CPU
		{4C9A20E5-790F-4CA7-8F77-18C292485143}.Debug|Any CPU.Deploy.0 = Debug|Any CPU
		{4C9A20E5-790F-4CA7-8F77-18C292485143}.Release|Any CPU.ActiveCfg = Release|Any CPU
		{4C9A20E5-790F-4CA7-8F77-18C292485143}.Release|Any CPU.Build.0 = Release|Any CPU
		{4C9A20E5-790F-4CA7-8F77-18C292485143}.Release|Any CPU.Deploy.0 = Release|Any CPU
	EndGlobalSection
	GlobalSection(SolutionProperties) = preSolution
		HideSolutionNode = FALSE
	EndGlobalSection
	GlobalSection(ExtensibilityGlobals) = postSolution
		SolutionGuid = {02C6A8AC-8F97-43B9-995B-B6A74ED343D4}
	EndGlobalSection
EndGlobal
